// !$*UTF8*$!
{
	archiveVersion = 1;
	classes = {
	};
	objectVersion = 46;
	objects = {

/* Begin PBXBuildFile section */
		A105FC921D05235000ACBFBD /* Result.framework in Frameworks */ = {isa = PBXBuildFile; fileRef = A105FC911D05235000ACBFBD /* Result.framework */; };
		A150D89D1A830E41006E7C2F /* AppDelegate.swift in Sources */ = {isa = PBXBuildFile; fileRef = A150D89C1A830E41006E7C2F /* AppDelegate.swift */; };
		A150D89F1A830E41006E7C2F /* ViewController.swift in Sources */ = {isa = PBXBuildFile; fileRef = A150D89E1A830E41006E7C2F /* ViewController.swift */; };
		A150D8A21A830E41006E7C2F /* Main.storyboard in Resources */ = {isa = PBXBuildFile; fileRef = A150D8A01A830E41006E7C2F /* Main.storyboard */; };
		A150D8A41A830E41006E7C2F /* Images.xcassets in Resources */ = {isa = PBXBuildFile; fileRef = A150D8A31A830E41006E7C2F /* Images.xcassets */; };
		A150D8A71A830E41006E7C2F /* LaunchScreen.xib in Resources */ = {isa = PBXBuildFile; fileRef = A150D8A51A830E41006E7C2F /* LaunchScreen.xib */; };
		A150D8B31A830E41006E7C2F /* PactSwiftExampleTests.swift in Sources */ = {isa = PBXBuildFile; fileRef = A150D8B21A830E41006E7C2F /* PactSwiftExampleTests.swift */; };
		A150D8BD1A831561006E7C2F /* HelloClient.swift in Sources */ = {isa = PBXBuildFile; fileRef = A150D8BC1A831561006E7C2F /* HelloClient.swift */; };
		A150D8BF1A8315B9006E7C2F /* Alamofire.framework in Frameworks */ = {isa = PBXBuildFile; fileRef = A150D8BE1A8315B9006E7C2F /* Alamofire.framework */; };
		A150D8C21A8315FE006E7C2F /* PactConsumerSwift.framework in Frameworks */ = {isa = PBXBuildFile; fileRef = A150D8C11A8315FE006E7C2F /* PactConsumerSwift.framework */; };
		A150D8C41A83195B006E7C2F /* Alamofire.framework in Frameworks */ = {isa = PBXBuildFile; fileRef = A150D8BE1A8315B9006E7C2F /* Alamofire.framework */; };
		A1C3413E1D682F480067567A /* Nimble.framework in Frameworks */ = {isa = PBXBuildFile; fileRef = A1C3413D1D682F480067567A /* Nimble.framework */; };
		A1C5AC021A8B2E3C00EC6DF0 /* BrightFutures.framework in Frameworks */ = {isa = PBXBuildFile; fileRef = A1C5AC011A8B2E3C00EC6DF0 /* BrightFutures.framework */; };
/* End PBXBuildFile section */

/* Begin PBXContainerItemProxy section */
		A150D8AD1A830E41006E7C2F /* PBXContainerItemProxy */ = {
			isa = PBXContainerItemProxy;
			containerPortal = A150D88F1A830E41006E7C2F /* Project object */;
			proxyType = 1;
			remoteGlobalIDString = A150D8961A830E41006E7C2F;
			remoteInfo = PactSwiftExample;
		};
/* End PBXContainerItemProxy section */

/* Begin PBXFileReference section */
		A105FC911D05235000ACBFBD /* Result.framework */ = {isa = PBXFileReference; lastKnownFileType = wrapper.framework; name = Result.framework; path = Carthage/Build/iOS/Result.framework; sourceTree = "<group>"; };
		A150D8971A830E41006E7C2F /* PactSwiftExample.app */ = {isa = PBXFileReference; explicitFileType = wrapper.application; includeInIndex = 0; path = PactSwiftExample.app; sourceTree = BUILT_PRODUCTS_DIR; };
		A150D89B1A830E41006E7C2F /* Info.plist */ = {isa = PBXFileReference; lastKnownFileType = text.plist.xml; path = Info.plist; sourceTree = "<group>"; };
		A150D89C1A830E41006E7C2F /* AppDelegate.swift */ = {isa = PBXFileReference; lastKnownFileType = sourcecode.swift; path = AppDelegate.swift; sourceTree = "<group>"; };
		A150D89E1A830E41006E7C2F /* ViewController.swift */ = {isa = PBXFileReference; lastKnownFileType = sourcecode.swift; path = ViewController.swift; sourceTree = "<group>"; };
		A150D8A11A830E41006E7C2F /* Base */ = {isa = PBXFileReference; lastKnownFileType = file.storyboard; name = Base; path = Base.lproj/Main.storyboard; sourceTree = "<group>"; };
		A150D8A31A830E41006E7C2F /* Images.xcassets */ = {isa = PBXFileReference; lastKnownFileType = folder.assetcatalog; path = Images.xcassets; sourceTree = "<group>"; };
		A150D8A61A830E41006E7C2F /* Base */ = {isa = PBXFileReference; lastKnownFileType = file.xib; name = Base; path = Base.lproj/LaunchScreen.xib; sourceTree = "<group>"; };
		A150D8AC1A830E41006E7C2F /* PactSwiftExampleTests.xctest */ = {isa = PBXFileReference; explicitFileType = wrapper.cfbundle; includeInIndex = 0; path = PactSwiftExampleTests.xctest; sourceTree = BUILT_PRODUCTS_DIR; };
		A150D8B11A830E41006E7C2F /* Info.plist */ = {isa = PBXFileReference; lastKnownFileType = text.plist.xml; path = Info.plist; sourceTree = "<group>"; };
		A150D8B21A830E41006E7C2F /* PactSwiftExampleTests.swift */ = {isa = PBXFileReference; lastKnownFileType = sourcecode.swift; path = PactSwiftExampleTests.swift; sourceTree = "<group>"; };
		A150D8BC1A831561006E7C2F /* HelloClient.swift */ = {isa = PBXFileReference; fileEncoding = 4; lastKnownFileType = sourcecode.swift; path = HelloClient.swift; sourceTree = "<group>"; };
		A150D8BE1A8315B9006E7C2F /* Alamofire.framework */ = {isa = PBXFileReference; lastKnownFileType = wrapper.framework; name = Alamofire.framework; path = Carthage/Build/iOS/Alamofire.framework; sourceTree = "<group>"; };
		A150D8C11A8315FE006E7C2F /* PactConsumerSwift.framework */ = {isa = PBXFileReference; lastKnownFileType = wrapper.framework; name = PactConsumerSwift.framework; path = Carthage/Build/iOS/PactConsumerSwift.framework; sourceTree = "<group>"; };
		A1C3413D1D682F480067567A /* Nimble.framework */ = {isa = PBXFileReference; lastKnownFileType = wrapper.framework; name = Nimble.framework; path = Carthage/Build/iOS/Nimble.framework; sourceTree = "<group>"; };
		A1C5AC011A8B2E3C00EC6DF0 /* BrightFutures.framework */ = {isa = PBXFileReference; lastKnownFileType = wrapper.framework; name = BrightFutures.framework; path = Carthage/Build/iOS/BrightFutures.framework; sourceTree = "<group>"; };
/* End PBXFileReference section */

/* Begin PBXFrameworksBuildPhase section */
		A150D8941A830E41006E7C2F /* Frameworks */ = {
			isa = PBXFrameworksBuildPhase;
			buildActionMask = 2147483647;
			files = (
				A150D8BF1A8315B9006E7C2F /* Alamofire.framework in Frameworks */,
			);
			runOnlyForDeploymentPostprocessing = 0;
		};
		A150D8A91A830E41006E7C2F /* Frameworks */ = {
			isa = PBXFrameworksBuildPhase;
			buildActionMask = 2147483647;
			files = (
				A1C3413E1D682F480067567A /* Nimble.framework in Frameworks */,
				A105FC921D05235000ACBFBD /* Result.framework in Frameworks */,
				A1C5AC021A8B2E3C00EC6DF0 /* BrightFutures.framework in Frameworks */,
				A150D8C21A8315FE006E7C2F /* PactConsumerSwift.framework in Frameworks */,
				A150D8C41A83195B006E7C2F /* Alamofire.framework in Frameworks */,
			);
			runOnlyForDeploymentPostprocessing = 0;
		};
/* End PBXFrameworksBuildPhase section */

/* Begin PBXGroup section */
		A150D88E1A830E41006E7C2F = {
			isa = PBXGroup;
			children = (
				A1C3413D1D682F480067567A /* Nimble.framework */,
				A105FC911D05235000ACBFBD /* Result.framework */,
				A1C5AC011A8B2E3C00EC6DF0 /* BrightFutures.framework */,
				A150D8C11A8315FE006E7C2F /* PactConsumerSwift.framework */,
				A150D8BE1A8315B9006E7C2F /* Alamofire.framework */,
				A150D8991A830E41006E7C2F /* PactSwiftExample */,
				A150D8AF1A830E41006E7C2F /* PactSwiftExampleTests */,
				A150D8981A830E41006E7C2F /* Products */,
			);
			sourceTree = "<group>";
		};
		A150D8981A830E41006E7C2F /* Products */ = {
			isa = PBXGroup;
			children = (
				A150D8971A830E41006E7C2F /* PactSwiftExample.app */,
				A150D8AC1A830E41006E7C2F /* PactSwiftExampleTests.xctest */,
			);
			name = Products;
			sourceTree = "<group>";
		};
		A150D8991A830E41006E7C2F /* PactSwiftExample */ = {
			isa = PBXGroup;
			children = (
				A150D8BC1A831561006E7C2F /* HelloClient.swift */,
				A150D89C1A830E41006E7C2F /* AppDelegate.swift */,
				A150D89E1A830E41006E7C2F /* ViewController.swift */,
				A150D8A01A830E41006E7C2F /* Main.storyboard */,
				A150D8A31A830E41006E7C2F /* Images.xcassets */,
				A150D8A51A830E41006E7C2F /* LaunchScreen.xib */,
				A150D89A1A830E41006E7C2F /* Supporting Files */,
			);
			path = PactSwiftExample;
			sourceTree = "<group>";
		};
		A150D89A1A830E41006E7C2F /* Supporting Files */ = {
			isa = PBXGroup;
			children = (
				A150D89B1A830E41006E7C2F /* Info.plist */,
			);
			name = "Supporting Files";
			sourceTree = "<group>";
		};
		A150D8AF1A830E41006E7C2F /* PactSwiftExampleTests */ = {
			isa = PBXGroup;
			children = (
				A150D8B21A830E41006E7C2F /* PactSwiftExampleTests.swift */,
				A150D8B01A830E41006E7C2F /* Supporting Files */,
			);
			path = PactSwiftExampleTests;
			sourceTree = "<group>";
		};
		A150D8B01A830E41006E7C2F /* Supporting Files */ = {
			isa = PBXGroup;
			children = (
				A150D8B11A830E41006E7C2F /* Info.plist */,
			);
			name = "Supporting Files";
			sourceTree = "<group>";
		};
/* End PBXGroup section */

/* Begin PBXNativeTarget section */
		A150D8961A830E41006E7C2F /* PactSwiftExample */ = {
			isa = PBXNativeTarget;
			buildConfigurationList = A150D8B61A830E41006E7C2F /* Build configuration list for PBXNativeTarget "PactSwiftExample" */;
			buildPhases = (
				A150D8931A830E41006E7C2F /* Sources */,
				A150D8941A830E41006E7C2F /* Frameworks */,
				A150D8951A830E41006E7C2F /* Resources */,
				A150D8C01A8315C1006E7C2F /* ShellScript */,
			);
			buildRules = (
			);
			dependencies = (
			);
			name = PactSwiftExample;
			productName = PactSwiftExample;
			productReference = A150D8971A830E41006E7C2F /* PactSwiftExample.app */;
			productType = "com.apple.product-type.application";
		};
		A150D8AB1A830E41006E7C2F /* PactSwiftExampleTests */ = {
			isa = PBXNativeTarget;
			buildConfigurationList = A150D8B91A830E41006E7C2F /* Build configuration list for PBXNativeTarget "PactSwiftExampleTests" */;
			buildPhases = (
				A150D8A81A830E41006E7C2F /* Sources */,
				A150D8A91A830E41006E7C2F /* Frameworks */,
				A150D8AA1A830E41006E7C2F /* Resources */,
				A150D8C31A831603006E7C2F /* ShellScript */,
			);
			buildRules = (
			);
			dependencies = (
				A150D8AE1A830E41006E7C2F /* PBXTargetDependency */,
			);
			name = PactSwiftExampleTests;
			productName = PactSwiftExampleTests;
			productReference = A150D8AC1A830E41006E7C2F /* PactSwiftExampleTests.xctest */;
			productType = "com.apple.product-type.bundle.unit-test";
		};
/* End PBXNativeTarget section */

/* Begin PBXProject section */
		A150D88F1A830E41006E7C2F /* Project object */ = {
			isa = PBXProject;
			attributes = {
				LastSwiftUpdateCheck = 0730;
				LastUpgradeCheck = 1020;
				ORGANIZATIONNAME = "Andrew Spinks";
				TargetAttributes = {
					A150D8961A830E41006E7C2F = {
						CreatedOnToolsVersion = 6.1.1;
						DevelopmentTeam = 33BWA4SWQK;
						LastSwiftMigration = 1020;
					};
					A150D8AB1A830E41006E7C2F = {
						CreatedOnToolsVersion = 6.1.1;
						LastSwiftMigration = 1020;
						TestTargetID = A150D8961A830E41006E7C2F;
					};
				};
			};
			buildConfigurationList = A150D8921A830E41006E7C2F /* Build configuration list for PBXProject "PactSwiftExample" */;
			compatibilityVersion = "Xcode 3.2";
			developmentRegion = en;
			hasScannedForEncodings = 0;
			knownRegions = (
				en,
				Base,
			);
			mainGroup = A150D88E1A830E41006E7C2F;
			productRefGroup = A150D8981A830E41006E7C2F /* Products */;
			projectDirPath = "";
			projectRoot = "";
			targets = (
				A150D8961A830E41006E7C2F /* PactSwiftExample */,
				A150D8AB1A830E41006E7C2F /* PactSwiftExampleTests */,
			);
		};
/* End PBXProject section */

/* Begin PBXResourcesBuildPhase section */
		A150D8951A830E41006E7C2F /* Resources */ = {
			isa = PBXResourcesBuildPhase;
			buildActionMask = 2147483647;
			files = (
				A150D8A21A830E41006E7C2F /* Main.storyboard in Resources */,
				A150D8A71A830E41006E7C2F /* LaunchScreen.xib in Resources */,
				A150D8A41A830E41006E7C2F /* Images.xcassets in Resources */,
			);
			runOnlyForDeploymentPostprocessing = 0;
		};
		A150D8AA1A830E41006E7C2F /* Resources */ = {
			isa = PBXResourcesBuildPhase;
			buildActionMask = 2147483647;
			files = (
			);
			runOnlyForDeploymentPostprocessing = 0;
		};
/* End PBXResourcesBuildPhase section */

/* Begin PBXShellScriptBuildPhase section */
		A150D8C01A8315C1006E7C2F /* ShellScript */ = {
			isa = PBXShellScriptBuildPhase;
			buildActionMask = 2147483647;
			files = (
			);
			inputFileListPaths = (
			);
			inputPaths = (
				"$(SRCROOT)/Carthage/Build/iOS/Alamofire.framework",
			);
			outputPaths = (
				"$(BUILT_PRODUCTS_DIR)/$(FRAMEWORKS_FOLDER_PATH)/Alamofire.framework",
			);
			runOnlyForDeploymentPostprocessing = 0;
			shellPath = /bin/sh;
			shellScript = "PATH=/usr/local/bin:/opt/boxen/homebrew/bin:$PATH\ncarthage copy-frameworks\n";
		};
		A150D8C31A831603006E7C2F /* ShellScript */ = {
			isa = PBXShellScriptBuildPhase;
			buildActionMask = 2147483647;
			files = (
			);
			inputPaths = (
				"$(SRCROOT)/Carthage/Build/iOS/Alamofire.framework",
				"$(SRCROOT)/Carthage/Build/iOS/PactConsumerSwift.framework",
				"$(SRCROOT)/Carthage/Build/iOS/BrightFutures.framework",
				"$(SRCROOT)/Carthage/Build/iOS/Result.framework",
				"$(SRCROOT)/Carthage/Build/iOS/Nimble.framework",
			);
			outputPaths = (
			);
			runOnlyForDeploymentPostprocessing = 0;
			shellPath = /bin/sh;
			shellScript = "PATH=/usr/local/bin:/opt/boxen/homebrew/bin:$PATH\ncarthage copy-frameworks\n";
		};
/* End PBXShellScriptBuildPhase section */

/* Begin PBXSourcesBuildPhase section */
		A150D8931A830E41006E7C2F /* Sources */ = {
			isa = PBXSourcesBuildPhase;
			buildActionMask = 2147483647;
			files = (
				A150D89F1A830E41006E7C2F /* ViewController.swift in Sources */,
				A150D8BD1A831561006E7C2F /* HelloClient.swift in Sources */,
				A150D89D1A830E41006E7C2F /* AppDelegate.swift in Sources */,
			);
			runOnlyForDeploymentPostprocessing = 0;
		};
		A150D8A81A830E41006E7C2F /* Sources */ = {
			isa = PBXSourcesBuildPhase;
			buildActionMask = 2147483647;
			files = (
				A150D8B31A830E41006E7C2F /* PactSwiftExampleTests.swift in Sources */,
			);
			runOnlyForDeploymentPostprocessing = 0;
		};
/* End PBXSourcesBuildPhase section */

/* Begin PBXTargetDependency section */
		A150D8AE1A830E41006E7C2F /* PBXTargetDependency */ = {
			isa = PBXTargetDependency;
			target = A150D8961A830E41006E7C2F /* PactSwiftExample */;
			targetProxy = A150D8AD1A830E41006E7C2F /* PBXContainerItemProxy */;
		};
/* End PBXTargetDependency section */

/* Begin PBXVariantGroup section */
		A150D8A01A830E41006E7C2F /* Main.storyboard */ = {
			isa = PBXVariantGroup;
			children = (
				A150D8A11A830E41006E7C2F /* Base */,
			);
			name = Main.storyboard;
			sourceTree = "<group>";
		};
		A150D8A51A830E41006E7C2F /* LaunchScreen.xib */ = {
			isa = PBXVariantGroup;
			children = (
				A150D8A61A830E41006E7C2F /* Base */,
			);
			name = LaunchScreen.xib;
			sourceTree = "<group>";
		};
/* End PBXVariantGroup section */

/* Begin XCBuildConfiguration section */
		A150D8B41A830E41006E7C2F /* Debug */ = {
			isa = XCBuildConfiguration;
			buildSettings = {
				ALWAYS_SEARCH_USER_PATHS = NO;
				CLANG_CXX_LANGUAGE_STANDARD = "gnu++0x";
				CLANG_CXX_LIBRARY = "libc++";
				CLANG_ENABLE_MODULES = YES;
				CLANG_ENABLE_OBJC_ARC = YES;
				CLANG_WARN_BLOCK_CAPTURE_AUTORELEASING = YES;
				CLANG_WARN_BOOL_CONVERSION = YES;
				CLANG_WARN_COMMA = YES;
				CLANG_WARN_CONSTANT_CONVERSION = YES;
				CLANG_WARN_DEPRECATED_OBJC_IMPLEMENTATIONS = YES;
				CLANG_WARN_DIRECT_OBJC_ISA_USAGE = YES_ERROR;
				CLANG_WARN_EMPTY_BODY = YES;
				CLANG_WARN_ENUM_CONVERSION = YES;
				CLANG_WARN_INFINITE_RECURSION = YES;
				CLANG_WARN_INT_CONVERSION = YES;
				CLANG_WARN_NON_LITERAL_NULL_CONVERSION = YES;
				CLANG_WARN_OBJC_IMPLICIT_RETAIN_SELF = YES;
				CLANG_WARN_OBJC_LITERAL_CONVERSION = YES;
				CLANG_WARN_OBJC_ROOT_CLASS = YES_ERROR;
				CLANG_WARN_RANGE_LOOP_ANALYSIS = YES;
				CLANG_WARN_STRICT_PROTOTYPES = YES;
				CLANG_WARN_SUSPICIOUS_MOVE = YES;
				CLANG_WARN_UNREACHABLE_CODE = YES;
				CLANG_WARN__DUPLICATE_METHOD_MATCH = YES;
				"CODE_SIGN_IDENTITY[sdk=iphoneos*]" = "iPhone Developer";
				COPY_PHASE_STRIP = NO;
				ENABLE_STRICT_OBJC_MSGSEND = YES;
				ENABLE_TESTABILITY = YES;
				FRAMEWORK_SEARCH_PATHS = "$(PROJECT_DIR)/Carthage/Build/iOS";
				GCC_C_LANGUAGE_STANDARD = gnu99;
				GCC_DYNAMIC_NO_PIC = NO;
				GCC_NO_COMMON_BLOCKS = YES;
				GCC_OPTIMIZATION_LEVEL = 0;
				GCC_PREPROCESSOR_DEFINITIONS = (
					"DEBUG=1",
					"$(inherited)",
				);
				GCC_SYMBOLS_PRIVATE_EXTERN = NO;
				GCC_WARN_64_TO_32_BIT_CONVERSION = YES;
				GCC_WARN_ABOUT_RETURN_TYPE = YES_ERROR;
				GCC_WARN_UNDECLARED_SELECTOR = YES;
				GCC_WARN_UNINITIALIZED_AUTOS = YES_AGGRESSIVE;
				GCC_WARN_UNUSED_FUNCTION = YES;
				GCC_WARN_UNUSED_VARIABLE = YES;
				IPHONEOS_DEPLOYMENT_TARGET = 9.0;
				MTL_ENABLE_DEBUG_INFO = YES;
				ONLY_ACTIVE_ARCH = YES;
				SDKROOT = iphoneos;
				SWIFT_OPTIMIZATION_LEVEL = "-Onone";
				TARGETED_DEVICE_FAMILY = "1,2";
			};
			name = Debug;
		};
		A150D8B51A830E41006E7C2F /* Release */ = {
			isa = XCBuildConfiguration;
			buildSettings = {
				ALWAYS_SEARCH_USER_PATHS = NO;
				CLANG_CXX_LANGUAGE_STANDARD = "gnu++0x";
				CLANG_CXX_LIBRARY = "libc++";
				CLANG_ENABLE_MODULES = YES;
				CLANG_ENABLE_OBJC_ARC = YES;
				CLANG_WARN_BLOCK_CAPTURE_AUTORELEASING = YES;
				CLANG_WARN_BOOL_CONVERSION = YES;
				CLANG_WARN_COMMA = YES;
				CLANG_WARN_CONSTANT_CONVERSION = YES;
				CLANG_WARN_DEPRECATED_OBJC_IMPLEMENTATIONS = YES;
				CLANG_WARN_DIRECT_OBJC_ISA_USAGE = YES_ERROR;
				CLANG_WARN_EMPTY_BODY = YES;
				CLANG_WARN_ENUM_CONVERSION = YES;
				CLANG_WARN_INFINITE_RECURSION = YES;
				CLANG_WARN_INT_CONVERSION = YES;
				CLANG_WARN_NON_LITERAL_NULL_CONVERSION = YES;
				CLANG_WARN_OBJC_IMPLICIT_RETAIN_SELF = YES;
				CLANG_WARN_OBJC_LITERAL_CONVERSION = YES;
				CLANG_WARN_OBJC_ROOT_CLASS = YES_ERROR;
				CLANG_WARN_RANGE_LOOP_ANALYSIS = YES;
				CLANG_WARN_STRICT_PROTOTYPES = YES;
				CLANG_WARN_SUSPICIOUS_MOVE = YES;
				CLANG_WARN_UNREACHABLE_CODE = YES;
				CLANG_WARN__DUPLICATE_METHOD_MATCH = YES;
				"CODE_SIGN_IDENTITY[sdk=iphoneos*]" = "iPhone Developer";
				COPY_PHASE_STRIP = YES;
				ENABLE_NS_ASSERTIONS = NO;
				ENABLE_STRICT_OBJC_MSGSEND = YES;
				FRAMEWORK_SEARCH_PATHS = "$(PROJECT_DIR)/Carthage/Build/iOS";
				GCC_C_LANGUAGE_STANDARD = gnu99;
				GCC_NO_COMMON_BLOCKS = YES;
				GCC_WARN_64_TO_32_BIT_CONVERSION = YES;
				GCC_WARN_ABOUT_RETURN_TYPE = YES_ERROR;
				GCC_WARN_UNDECLARED_SELECTOR = YES;
				GCC_WARN_UNINITIALIZED_AUTOS = YES_AGGRESSIVE;
				GCC_WARN_UNUSED_FUNCTION = YES;
				GCC_WARN_UNUSED_VARIABLE = YES;
				IPHONEOS_DEPLOYMENT_TARGET = 9.0;
				MTL_ENABLE_DEBUG_INFO = NO;
				SDKROOT = iphoneos;
				SWIFT_OPTIMIZATION_LEVEL = "-Owholemodule";
				TARGETED_DEVICE_FAMILY = "1,2";
				VALIDATE_PRODUCT = YES;
			};
			name = Release;
		};
		A150D8B71A830E41006E7C2F /* Debug */ = {
			isa = XCBuildConfiguration;
			buildSettings = {
				ASSETCATALOG_COMPILER_APPICON_NAME = AppIcon;
				CODE_SIGN_IDENTITY = "iPhone Developer";
				"CODE_SIGN_IDENTITY[sdk=iphoneos*]" = "iPhone Developer";
				FRAMEWORK_SEARCH_PATHS = "$(inherited)";
				INFOPLIST_FILE = PactSwiftExample/Info.plist;
				LD_RUNPATH_SEARCH_PATHS = "$(inherited) @executable_path/Frameworks";
				PRODUCT_BUNDLE_IDENTIFIER = "spinks.$(PRODUCT_NAME:rfc1034identifier)";
				PRODUCT_NAME = "$(TARGET_NAME)";
				PROVISIONING_PROFILE = "";
				SWIFT_VERSION = 5.0;
			};
			name = Debug;
		};
		A150D8B81A830E41006E7C2F /* Release */ = {
			isa = XCBuildConfiguration;
			buildSettings = {
				ASSETCATALOG_COMPILER_APPICON_NAME = AppIcon;
				CODE_SIGN_IDENTITY = "iPhone Developer";
				"CODE_SIGN_IDENTITY[sdk=iphoneos*]" = "iPhone Developer";
				FRAMEWORK_SEARCH_PATHS = "$(inherited)";
				INFOPLIST_FILE = PactSwiftExample/Info.plist;
				LD_RUNPATH_SEARCH_PATHS = "$(inherited) @executable_path/Frameworks";
				PRODUCT_BUNDLE_IDENTIFIER = "spinks.$(PRODUCT_NAME:rfc1034identifier)";
				PRODUCT_NAME = "$(TARGET_NAME)";
				PROVISIONING_PROFILE = "";
				SWIFT_VERSION = 5.0;
			};
			name = Release;
		};
		A150D8BA1A830E41006E7C2F /* Debug */ = {
			isa = XCBuildConfiguration;
			buildSettings = {
				BUNDLE_LOADER = "$(TEST_HOST)";
				FRAMEWORK_SEARCH_PATHS = "$(inherited)";
				GCC_PREPROCESSOR_DEFINITIONS = (
					"DEBUG=1",
					"$(inherited)",
				);
				INFOPLIST_FILE = PactSwiftExampleTests/Info.plist;
				LD_RUNPATH_SEARCH_PATHS = "$(inherited) @executable_path/Frameworks @loader_path/Frameworks";
				PRODUCT_BUNDLE_IDENTIFIER = "spinks.$(PRODUCT_NAME:rfc1034identifier)";
				PRODUCT_NAME = "$(TARGET_NAME)";
				SWIFT_VERSION = 5.0;
				TEST_HOST = "$(BUILT_PRODUCTS_DIR)/PactSwiftExample.app/PactSwiftExample";
			};
			name = Debug;
		};
		A150D8BB1A830E41006E7C2F /* Release */ = {
			isa = XCBuildConfiguration;
			buildSettings = {
				BUNDLE_LOADER = "$(TEST_HOST)";
				FRAMEWORK_SEARCH_PATHS = "$(inherited)";
				INFOPLIST_FILE = PactSwiftExampleTests/Info.plist;
				LD_RUNPATH_SEARCH_PATHS = "$(inherited) @executable_path/Frameworks @loader_path/Frameworks";
				PRODUCT_BUNDLE_IDENTIFIER = "spinks.$(PRODUCT_NAME:rfc1034identifier)";
				PRODUCT_NAME = "$(TARGET_NAME)";
				SWIFT_VERSION = 5.0;
				TEST_HOST = "$(BUILT_PRODUCTS_DIR)/PactSwiftExample.app/PactSwiftExample";
			};
			name = Release;
		};
/* End XCBuildConfiguration section */

/* Begin XCConfigurationList section */
		A150D8921A830E41006E7C2F /* Build configuration list for PBXProject "PactSwiftExample" */ = {
			isa = XCConfigurationList;
			buildConfigurations = (
				A150D8B41A830E41006E7C2F /* Debug */,
				A150D8B51A830E41006E7C2F /* Release */,
			);
			defaultConfigurationIsVisible = 0;
			defaultConfigurationName = Release;
		};
		A150D8B61A830E41006E7C2F /* Build configuration list for PBXNativeTarget "PactSwiftExample" */ = {
			isa = XCConfigurationList;
			buildConfigurations = (
				A150D8B71A830E41006E7C2F /* Debug */,
				A150D8B81A830E41006E7C2F /* Release */,
			);
			defaultConfigurationIsVisible = 0;
			defaultConfigurationName = Release;
		};
		A150D8B91A830E41006E7C2F /* Build configuration list for PBXNativeTarget "PactSwiftExampleTests" */ = {
			isa = XCConfigurationList;
			buildConfigurations = (
				A150D8BA1A830E41006E7C2F /* Debug */,
				A150D8BB1A830E41006E7C2F /* Release */,
			);
			defaultConfigurationIsVisible = 0;
			defaultConfigurationName = Release;
		};
/* End XCConfigurationList section */
	};
	rootObject = A150D88F1A830E41006E7C2F /* Project object */;
}
