// !$*UTF8*$!
{
	archiveVersion = 1;
	classes = {
	};
	objectVersion = 46;
	objects = {

/* Begin PBXBuildFile section */
		A150D89D1A830E41006E7C2F /* AppDelegate.swift in Sources */ = {isa = PBXBuildFile; fileRef = A150D89C1A830E41006E7C2F /* AppDelegate.swift */; };
		A150D89F1A830E41006E7C2F /* ViewController.swift in Sources */ = {isa = PBXBuildFile; fileRef = A150D89E1A830E41006E7C2F /* ViewController.swift */; };
		A150D8A21A830E41006E7C2F /* Main.storyboard in Resources */ = {isa = PBXBuildFile; fileRef = A150D8A01A830E41006E7C2F /* Main.storyboard */; };
		A150D8A41A830E41006E7C2F /* Images.xcassets in Resources */ = {isa = PBXBuildFile; fileRef = A150D8A31A830E41006E7C2F /* Images.xcassets */; };
		A150D8A71A830E41006E7C2F /* LaunchScreen.xib in Resources */ = {isa = PBXBuildFile; fileRef = A150D8A51A830E41006E7C2F /* LaunchScreen.xib */; };
		A150D8B31A830E41006E7C2F /* PactSwiftExampleTests.swift in Sources */ = {isa = PBXBuildFile; fileRef = A150D8B21A830E41006E7C2F /* PactSwiftExampleTests.swift */; };
		A150D8BD1A831561006E7C2F /* HelloClient.swift in Sources */ = {isa = PBXBuildFile; fileRef = A150D8BC1A831561006E7C2F /* HelloClient.swift */; };
		CEAC74FB67D4848C2C182D1D /* Pods_PactSwiftExampleTests.framework in Frameworks */ = {isa = PBXBuildFile; fileRef = C361B3E5F597D8218B5821FF /* Pods_PactSwiftExampleTests.framework */; settings = {ATTRIBUTES = (Weak, ); }; };
		DC06C2477B010DE93AB3D10B /* Pods_PactSwiftExample.framework in Frameworks */ = {isa = PBXBuildFile; fileRef = 7C7BDDBC96CC6BD3D6201F52 /* Pods_PactSwiftExample.framework */; settings = {ATTRIBUTES = (Weak, ); }; };
/* End PBXBuildFile section */

/* Begin PBXContainerItemProxy section */
		A150D8AD1A830E41006E7C2F /* PBXContainerItemProxy */ = {
			isa = PBXContainerItemProxy;
			containerPortal = A150D88F1A830E41006E7C2F /* Project object */;
			proxyType = 1;
			remoteGlobalIDString = A150D8961A830E41006E7C2F;
			remoteInfo = PactSwiftExample;
		};
/* End PBXContainerItemProxy section */

/* Begin PBXFileReference section */
		1B8BE67EDE0310E0CBDBFA5B /* Pods-PactSwiftExample.release.xcconfig */ = {isa = PBXFileReference; includeInIndex = 1; lastKnownFileType = text.xcconfig; name = "Pods-PactSwiftExample.release.xcconfig"; path = "Pods/Target Support Files/Pods-PactSwiftExample/Pods-PactSwiftExample.release.xcconfig"; sourceTree = "<group>"; };
		6A1ED70F94FC1076BF90DE9A /* Pods-PactSwiftExampleTests.release.xcconfig */ = {isa = PBXFileReference; includeInIndex = 1; lastKnownFileType = text.xcconfig; name = "Pods-PactSwiftExampleTests.release.xcconfig"; path = "Pods/Target Support Files/Pods-PactSwiftExampleTests/Pods-PactSwiftExampleTests.release.xcconfig"; sourceTree = "<group>"; };
		7C7BDDBC96CC6BD3D6201F52 /* Pods_PactSwiftExample.framework */ = {isa = PBXFileReference; explicitFileType = wrapper.framework; includeInIndex = 0; path = Pods_PactSwiftExample.framework; sourceTree = BUILT_PRODUCTS_DIR; };
		8B88E77085A23A9114FB5263 /* Pods-PactSwiftExampleTests.debug.xcconfig */ = {isa = PBXFileReference; includeInIndex = 1; lastKnownFileType = text.xcconfig; name = "Pods-PactSwiftExampleTests.debug.xcconfig"; path = "Pods/Target Support Files/Pods-PactSwiftExampleTests/Pods-PactSwiftExampleTests.debug.xcconfig"; sourceTree = "<group>"; };
		A150D8971A830E41006E7C2F /* PactSwiftExample.app */ = {isa = PBXFileReference; explicitFileType = wrapper.application; includeInIndex = 0; path = PactSwiftExample.app; sourceTree = BUILT_PRODUCTS_DIR; };
		A150D89B1A830E41006E7C2F /* Info.plist */ = {isa = PBXFileReference; lastKnownFileType = text.plist.xml; path = Info.plist; sourceTree = "<group>"; };
		A150D89C1A830E41006E7C2F /* AppDelegate.swift */ = {isa = PBXFileReference; lastKnownFileType = sourcecode.swift; path = AppDelegate.swift; sourceTree = "<group>"; };
		A150D89E1A830E41006E7C2F /* ViewController.swift */ = {isa = PBXFileReference; lastKnownFileType = sourcecode.swift; path = ViewController.swift; sourceTree = "<group>"; };
		A150D8A11A830E41006E7C2F /* Base */ = {isa = PBXFileReference; lastKnownFileType = file.storyboard; name = Base; path = Base.lproj/Main.storyboard; sourceTree = "<group>"; };
		A150D8A31A830E41006E7C2F /* Images.xcassets */ = {isa = PBXFileReference; lastKnownFileType = folder.assetcatalog; path = Images.xcassets; sourceTree = "<group>"; };
		A150D8A61A830E41006E7C2F /* Base */ = {isa = PBXFileReference; lastKnownFileType = file.xib; name = Base; path = Base.lproj/LaunchScreen.xib; sourceTree = "<group>"; };
		A150D8AC1A830E41006E7C2F /* PactSwiftExampleTests.xctest */ = {isa = PBXFileReference; explicitFileType = wrapper.cfbundle; includeInIndex = 0; path = PactSwiftExampleTests.xctest; sourceTree = BUILT_PRODUCTS_DIR; };
		A150D8B11A830E41006E7C2F /* Info.plist */ = {isa = PBXFileReference; lastKnownFileType = text.plist.xml; path = Info.plist; sourceTree = "<group>"; };
		A150D8B21A830E41006E7C2F /* PactSwiftExampleTests.swift */ = {isa = PBXFileReference; lastKnownFileType = sourcecode.swift; path = PactSwiftExampleTests.swift; sourceTree = "<group>"; };
		A150D8BC1A831561006E7C2F /* HelloClient.swift */ = {isa = PBXFileReference; fileEncoding = 4; lastKnownFileType = sourcecode.swift; path = HelloClient.swift; sourceTree = "<group>"; };
		C361B3E5F597D8218B5821FF /* Pods_PactSwiftExampleTests.framework */ = {isa = PBXFileReference; explicitFileType = wrapper.framework; includeInIndex = 0; path = Pods_PactSwiftExampleTests.framework; sourceTree = BUILT_PRODUCTS_DIR; };
		F946F3CDE1B40D36E22E310B /* Pods-PactSwiftExample.debug.xcconfig */ = {isa = PBXFileReference; includeInIndex = 1; lastKnownFileType = text.xcconfig; name = "Pods-PactSwiftExample.debug.xcconfig"; path = "Pods/Target Support Files/Pods-PactSwiftExample/Pods-PactSwiftExample.debug.xcconfig"; sourceTree = "<group>"; };
/* End PBXFileReference section */

/* Begin PBXFrameworksBuildPhase section */
		A150D8941A830E41006E7C2F /* Frameworks */ = {
			isa = PBXFrameworksBuildPhase;
			buildActionMask = 2147483647;
			files = (
				DC06C2477B010DE93AB3D10B /* Pods_PactSwiftExample.framework in Frameworks */,
			);
			runOnlyForDeploymentPostprocessing = 0;
		};
		A150D8A91A830E41006E7C2F /* Frameworks */ = {
			isa = PBXFrameworksBuildPhase;
			buildActionMask = 2147483647;
			files = (
				CEAC74FB67D4848C2C182D1D /* Pods_PactSwiftExampleTests.framework in Frameworks */,
			);
			runOnlyForDeploymentPostprocessing = 0;
		};
/* End PBXFrameworksBuildPhase section */

/* Begin PBXGroup section */
		66AC4BAA5393C4E1E4C797E6 /* Frameworks */ = {
			isa = PBXGroup;
			children = (
				C361B3E5F597D8218B5821FF /* Pods_PactSwiftExampleTests.framework */,
				7C7BDDBC96CC6BD3D6201F52 /* Pods_PactSwiftExample.framework */,
			);
			name = Frameworks;
			sourceTree = "<group>";
		};
		A150D88E1A830E41006E7C2F = {
			isa = PBXGroup;
			children = (
				A150D8991A830E41006E7C2F /* PactSwiftExample */,
				A150D8AF1A830E41006E7C2F /* PactSwiftExampleTests */,
				A150D8981A830E41006E7C2F /* Products */,
				A93D8658AF3AACD43769D57D /* Pods */,
				66AC4BAA5393C4E1E4C797E6 /* Frameworks */,
			);
			sourceTree = "<group>";
		};
		A150D8981A830E41006E7C2F /* Products */ = {
			isa = PBXGroup;
			children = (
				A150D8971A830E41006E7C2F /* PactSwiftExample.app */,
				A150D8AC1A830E41006E7C2F /* PactSwiftExampleTests.xctest */,
			);
			name = Products;
			sourceTree = "<group>";
		};
		A150D8991A830E41006E7C2F /* PactSwiftExample */ = {
			isa = PBXGroup;
			children = (
				A150D8BC1A831561006E7C2F /* HelloClient.swift */,
				A150D89C1A830E41006E7C2F /* AppDelegate.swift */,
				A150D89E1A830E41006E7C2F /* ViewController.swift */,
				A150D8A01A830E41006E7C2F /* Main.storyboard */,
				A150D8A31A830E41006E7C2F /* Images.xcassets */,
				A150D8A51A830E41006E7C2F /* LaunchScreen.xib */,
				A150D89A1A830E41006E7C2F /* Supporting Files */,
			);
			path = PactSwiftExample;
			sourceTree = "<group>";
		};
		A150D89A1A830E41006E7C2F /* Supporting Files */ = {
			isa = PBXGroup;
			children = (
				A150D89B1A830E41006E7C2F /* Info.plist */,
			);
			name = "Supporting Files";
			sourceTree = "<group>";
		};
		A150D8AF1A830E41006E7C2F /* PactSwiftExampleTests */ = {
			isa = PBXGroup;
			children = (
				A150D8B21A830E41006E7C2F /* PactSwiftExampleTests.swift */,
				A150D8B01A830E41006E7C2F /* Supporting Files */,
			);
			path = PactSwiftExampleTests;
			sourceTree = "<group>";
		};
		A150D8B01A830E41006E7C2F /* Supporting Files */ = {
			isa = PBXGroup;
			children = (
				A150D8B11A830E41006E7C2F /* Info.plist */,
			);
			name = "Supporting Files";
			sourceTree = "<group>";
		};
		A93D8658AF3AACD43769D57D /* Pods */ = {
			isa = PBXGroup;
			children = (
				8B88E77085A23A9114FB5263 /* Pods-PactSwiftExampleTests.debug.xcconfig */,
				6A1ED70F94FC1076BF90DE9A /* Pods-PactSwiftExampleTests.release.xcconfig */,
				F946F3CDE1B40D36E22E310B /* Pods-PactSwiftExample.debug.xcconfig */,
				1B8BE67EDE0310E0CBDBFA5B /* Pods-PactSwiftExample.release.xcconfig */,
			);
			name = Pods;
			sourceTree = "<group>";
		};
/* End PBXGroup section */

/* Begin PBXNativeTarget section */
		A150D8961A830E41006E7C2F /* PactSwiftExample */ = {
			isa = PBXNativeTarget;
			buildConfigurationList = A150D8B61A830E41006E7C2F /* Build configuration list for PBXNativeTarget "PactSwiftExample" */;
			buildPhases = (
				3A1CA15E2DFBE839FD6BE62B /* Check Pods Manifest.lock */,
				A150D8931A830E41006E7C2F /* Sources */,
				A150D8941A830E41006E7C2F /* Frameworks */,
				A150D8951A830E41006E7C2F /* Resources */,
				4E1A06DF5473F64938339FBE /* Embed Pods Frameworks */,
				5A3464118374E37004F0E5CC /* Copy Pods Resources */,
			);
			buildRules = (
			);
			dependencies = (
			);
			name = PactSwiftExample;
			productName = PactSwiftExample;
			productReference = A150D8971A830E41006E7C2F /* PactSwiftExample.app */;
			productType = "com.apple.product-type.application";
		};
		A150D8AB1A830E41006E7C2F /* PactSwiftExampleTests */ = {
			isa = PBXNativeTarget;
			buildConfigurationList = A150D8B91A830E41006E7C2F /* Build configuration list for PBXNativeTarget "PactSwiftExampleTests" */;
			buildPhases = (
				3E69E1B39B1A772BE955E7F1 /* Check Pods Manifest.lock */,
				A150D8A81A830E41006E7C2F /* Sources */,
				A150D8A91A830E41006E7C2F /* Frameworks */,
				A150D8AA1A830E41006E7C2F /* Resources */,
				EAAB9971AB6E79F75812545B /* Embed Pods Frameworks */,
				E42D774932AECC5F6C792143 /* Copy Pods Resources */,
			);
			buildRules = (
			);
			dependencies = (
				A150D8AE1A830E41006E7C2F /* PBXTargetDependency */,
			);
			name = PactSwiftExampleTests;
			productName = PactSwiftExampleTests;
			productReference = A150D8AC1A830E41006E7C2F /* PactSwiftExampleTests.xctest */;
			productType = "com.apple.product-type.bundle.unit-test";
		};
/* End PBXNativeTarget section */

/* Begin PBXProject section */
		A150D88F1A830E41006E7C2F /* Project object */ = {
			isa = PBXProject;
			attributes = {
				LastUpgradeCheck = 0610;
				ORGANIZATIONNAME = "Andrew Spinks";
				TargetAttributes = {
					A150D8961A830E41006E7C2F = {
						CreatedOnToolsVersion = 6.1.1;
					};
					A150D8AB1A830E41006E7C2F = {
						CreatedOnToolsVersion = 6.1.1;
						TestTargetID = A150D8961A830E41006E7C2F;
					};
				};
			};
			buildConfigurationList = A150D8921A830E41006E7C2F /* Build configuration list for PBXProject "PactSwiftExample" */;
			compatibilityVersion = "Xcode 3.2";
			developmentRegion = English;
			hasScannedForEncodings = 0;
			knownRegions = (
				en,
				Base,
			);
			mainGroup = A150D88E1A830E41006E7C2F;
			productRefGroup = A150D8981A830E41006E7C2F /* Products */;
			projectDirPath = "";
			projectRoot = "";
			targets = (
				A150D8961A830E41006E7C2F /* PactSwiftExample */,
				A150D8AB1A830E41006E7C2F /* PactSwiftExampleTests */,
			);
		};
/* End PBXProject section */

/* Begin PBXResourcesBuildPhase section */
		A150D8951A830E41006E7C2F /* Resources */ = {
			isa = PBXResourcesBuildPhase;
			buildActionMask = 2147483647;
			files = (
				A150D8A21A830E41006E7C2F /* Main.storyboard in Resources */,
				A150D8A71A830E41006E7C2F /* LaunchScreen.xib in Resources */,
				A150D8A41A830E41006E7C2F /* Images.xcassets in Resources */,
			);
			runOnlyForDeploymentPostprocessing = 0;
		};
		A150D8AA1A830E41006E7C2F /* Resources */ = {
			isa = PBXResourcesBuildPhase;
			buildActionMask = 2147483647;
			files = (
			);
			runOnlyForDeploymentPostprocessing = 0;
		};
/* End PBXResourcesBuildPhase section */

/* Begin PBXShellScriptBuildPhase section */
		3A1CA15E2DFBE839FD6BE62B /* Check Pods Manifest.lock */ = {
			isa = PBXShellScriptBuildPhase;
			buildActionMask = 2147483647;
			files = (
			);
			inputPaths = (
			);
			name = "Check Pods Manifest.lock";
			outputPaths = (
			);
			runOnlyForDeploymentPostprocessing = 0;
			shellPath = /bin/sh;
			shellScript = "diff \"${PODS_ROOT}/../Podfile.lock\" \"${PODS_ROOT}/Manifest.lock\" > /dev/null\nif [[ $? != 0 ]] ; then\n    cat << EOM\nerror: The sandbox is not in sync with the Podfile.lock. Run 'pod install' or update your CocoaPods installation.\nEOM\n    exit 1\nfi\n";
			showEnvVarsInLog = 0;
		};
		3E69E1B39B1A772BE955E7F1 /* Check Pods Manifest.lock */ = {
			isa = PBXShellScriptBuildPhase;
			buildActionMask = 2147483647;
			files = (
			);
			inputPaths = (
			);
			name = "Check Pods Manifest.lock";
			outputPaths = (
			);
			runOnlyForDeploymentPostprocessing = 0;
			shellPath = /bin/sh;
			shellScript = "diff \"${PODS_ROOT}/../Podfile.lock\" \"${PODS_ROOT}/Manifest.lock\" > /dev/null\nif [[ $? != 0 ]] ; then\n    cat << EOM\nerror: The sandbox is not in sync with the Podfile.lock. Run 'pod install' or update your CocoaPods installation.\nEOM\n    exit 1\nfi\n";
			showEnvVarsInLog = 0;
		};
		4E1A06DF5473F64938339FBE /* Embed Pods Frameworks */ = {
			isa = PBXShellScriptBuildPhase;
			buildActionMask = 2147483647;
			files = (
			);
			inputPaths = (
			);
			name = "Embed Pods Frameworks";
			outputPaths = (
			);
			runOnlyForDeploymentPostprocessing = 0;
			shellPath = /bin/sh;
			shellScript = "\"${SRCROOT}/Pods/Target Support Files/Pods-PactSwiftExample/Pods-PactSwiftExample-frameworks.sh\"\n";
			showEnvVarsInLog = 0;
		};
		5A3464118374E37004F0E5CC /* Copy Pods Resources */ = {
			isa = PBXShellScriptBuildPhase;
			buildActionMask = 2147483647;
			files = (
			);
			inputPaths = (
			);
			name = "Copy Pods Resources";
			outputPaths = (
			);
			runOnlyForDeploymentPostprocessing = 0;
			shellPath = /bin/sh;
			shellScript = "\"${SRCROOT}/Pods/Target Support Files/Pods-PactSwiftExample/Pods-PactSwiftExample-resources.sh\"\n";
			showEnvVarsInLog = 0;
		};
		E42D774932AECC5F6C792143 /* Copy Pods Resources */ = {
			isa = PBXShellScriptBuildPhase;
			buildActionMask = 2147483647;
			files = (
			);
			inputPaths = (
			);
			name = "Copy Pods Resources";
			outputPaths = (
			);
			runOnlyForDeploymentPostprocessing = 0;
			shellPath = /bin/sh;
			shellScript = "\"${SRCROOT}/Pods/Target Support Files/Pods-PactSwiftExampleTests/Pods-PactSwiftExampleTests-resources.sh\"\n";
			showEnvVarsInLog = 0;
		};
		EAAB9971AB6E79F75812545B /* Embed Pods Frameworks */ = {
			isa = PBXShellScriptBuildPhase;
			buildActionMask = 2147483647;
			files = (
			);
			inputPaths = (
			);
			name = "Embed Pods Frameworks";
			outputPaths = (
			);
			runOnlyForDeploymentPostprocessing = 0;
			shellPath = /bin/sh;
			shellScript = "\"${SRCROOT}/Pods/Target Support Files/Pods-PactSwiftExampleTests/Pods-PactSwiftExampleTests-frameworks.sh\"\n";
			showEnvVarsInLog = 0;
		};
/* End PBXShellScriptBuildPhase section */

/* Begin PBXSourcesBuildPhase section */
		A150D8931A830E41006E7C2F /* Sources */ = {
			isa = PBXSourcesBuildPhase;
			buildActionMask = 2147483647;
			files = (
				A150D89F1A830E41006E7C2F /* ViewController.swift in Sources */,
				A150D8BD1A831561006E7C2F /* HelloClient.swift in Sources */,
				A150D89D1A830E41006E7C2F /* AppDelegate.swift in Sources */,
			);
			runOnlyForDeploymentPostprocessing = 0;
		};
		A150D8A81A830E41006E7C2F /* Sources */ = {
			isa = PBXSourcesBuildPhase;
			buildActionMask = 2147483647;
			files = (
				A150D8B31A830E41006E7C2F /* PactSwiftExampleTests.swift in Sources */,
			);
			runOnlyForDeploymentPostprocessing = 0;
		};
/* End PBXSourcesBuildPhase section */

/* Begin PBXTargetDependency section */
		A150D8AE1A830E41006E7C2F /* PBXTargetDependency */ = {
			isa = PBXTargetDependency;
			target = A150D8961A830E41006E7C2F /* PactSwiftExample */;
			targetProxy = A150D8AD1A830E41006E7C2F /* PBXContainerItemProxy */;
		};
/* End PBXTargetDependency section */

/* Begin PBXVariantGroup section */
		A150D8A01A830E41006E7C2F /* Main.storyboard */ = {
			isa = PBXVariantGroup;
			children = (
				A150D8A11A830E41006E7C2F /* Base */,
			);
			name = Main.storyboard;
			sourceTree = "<group>";
		};
		A150D8A51A830E41006E7C2F /* LaunchScreen.xib */ = {
			isa = PBXVariantGroup;
			children = (
				A150D8A61A830E41006E7C2F /* Base */,
			);
			name = LaunchScreen.xib;
			sourceTree = "<group>";
		};
/* End PBXVariantGroup section */

/* Begin XCBuildConfiguration section */
		A150D8B41A830E41006E7C2F /* Debug */ = {
			isa = XCBuildConfiguration;
			buildSettings = {
				ALWAYS_SEARCH_USER_PATHS = NO;
				CLANG_CXX_LANGUAGE_STANDARD = "gnu++0x";
				CLANG_CXX_LIBRARY = "libc++";
				CLANG_ENABLE_MODULES = YES;
				CLANG_ENABLE_OBJC_ARC = YES;
				CLANG_WARN_BOOL_CONVERSION = YES;
				CLANG_WARN_CONSTANT_CONVERSION = YES;
				CLANG_WARN_DIRECT_OBJC_ISA_USAGE = YES_ERROR;
				CLANG_WARN_EMPTY_BODY = YES;
				CLANG_WARN_ENUM_CONVERSION = YES;
				CLANG_WARN_INT_CONVERSION = YES;
				CLANG_WARN_OBJC_ROOT_CLASS = YES_ERROR;
				CLANG_WARN_UNREACHABLE_CODE = YES;
				CLANG_WARN__DUPLICATE_METHOD_MATCH = YES;
				"CODE_SIGN_IDENTITY[sdk=iphoneos*]" = "iPhone Developer";
				COPY_PHASE_STRIP = NO;
				ENABLE_STRICT_OBJC_MSGSEND = YES;
				GCC_C_LANGUAGE_STANDARD = gnu99;
				GCC_DYNAMIC_NO_PIC = NO;
				GCC_OPTIMIZATION_LEVEL = 0;
				GCC_PREPROCESSOR_DEFINITIONS = (
					"DEBUG=1",
					"$(inherited)",
				);
				GCC_SYMBOLS_PRIVATE_EXTERN = NO;
				GCC_WARN_64_TO_32_BIT_CONVERSION = YES;
				GCC_WARN_ABOUT_RETURN_TYPE = YES_ERROR;
				GCC_WARN_UNDECLARED_SELECTOR = YES;
				GCC_WARN_UNINITIALIZED_AUTOS = YES_AGGRESSIVE;
				GCC_WARN_UNUSED_FUNCTION = YES;
				GCC_WARN_UNUSED_VARIABLE = YES;
				IPHONEOS_DEPLOYMENT_TARGET = 8.1;
				MTL_ENABLE_DEBUG_INFO = YES;
				ONLY_ACTIVE_ARCH = YES;
				SDKROOT = iphoneos;
				SWIFT_OPTIMIZATION_LEVEL = "-Onone";
				TARGETED_DEVICE_FAMILY = "1,2";
			};
			name = Debug;
		};
		A150D8B51A830E41006E7C2F /* Release */ = {
			isa = XCBuildConfiguration;
			buildSettings = {
				ALWAYS_SEARCH_USER_PATHS = NO;
				CLANG_CXX_LANGUAGE_STANDARD = "gnu++0x";
				CLANG_CXX_LIBRARY = "libc++";
				CLANG_ENABLE_MODULES = YES;
				CLANG_ENABLE_OBJC_ARC = YES;
				CLANG_WARN_BOOL_CONVERSION = YES;
				CLANG_WARN_CONSTANT_CONVERSION = YES;
				CLANG_WARN_DIRECT_OBJC_ISA_USAGE = YES_ERROR;
				CLANG_WARN_EMPTY_BODY = YES;
				CLANG_WARN_ENUM_CONVERSION = YES;
				CLANG_WARN_INT_CONVERSION = YES;
				CLANG_WARN_OBJC_ROOT_CLASS = YES_ERROR;
				CLANG_WARN_UNREACHABLE_CODE = YES;
				CLANG_WARN__DUPLICATE_METHOD_MATCH = YES;
				"CODE_SIGN_IDENTITY[sdk=iphoneos*]" = "iPhone Developer";
				COPY_PHASE_STRIP = YES;
				ENABLE_NS_ASSERTIONS = NO;
				ENABLE_STRICT_OBJC_MSGSEND = YES;
				GCC_C_LANGUAGE_STANDARD = gnu99;
				GCC_WARN_64_TO_32_BIT_CONVERSION = YES;
				GCC_WARN_ABOUT_RETURN_TYPE = YES_ERROR;
				GCC_WARN_UNDECLARED_SELECTOR = YES;
				GCC_WARN_UNINITIALIZED_AUTOS = YES_AGGRESSIVE;
				GCC_WARN_UNUSED_FUNCTION = YES;
				GCC_WARN_UNUSED_VARIABLE = YES;
				IPHONEOS_DEPLOYMENT_TARGET = 8.1;
				MTL_ENABLE_DEBUG_INFO = NO;
				SDKROOT = iphoneos;
				TARGETED_DEVICE_FAMILY = "1,2";
				VALIDATE_PRODUCT = YES;
			};
			name = Release;
		};
		A150D8B71A830E41006E7C2F /* Debug */ = {
			isa = XCBuildConfiguration;
			baseConfigurationReference = F946F3CDE1B40D36E22E310B /* Pods-PactSwiftExample.debug.xcconfig */;
			buildSettings = {
				ASSETCATALOG_COMPILER_APPICON_NAME = AppIcon;
				FRAMEWORK_SEARCH_PATHS = (
					"$(inherited)",
					"$(PROJECT_DIR)/Carthage/Build/iOS",
				);
				INFOPLIST_FILE = PactSwiftExample/Info.plist;
				LD_RUNPATH_SEARCH_PATHS = "$(inherited) @executable_path/Frameworks";
				PRODUCT_NAME = "$(TARGET_NAME)";
			};
			name = Debug;
		};
		A150D8B81A830E41006E7C2F /* Release */ = {
			isa = XCBuildConfiguration;
			baseConfigurationReference = 1B8BE67EDE0310E0CBDBFA5B /* Pods-PactSwiftExample.release.xcconfig */;
			buildSettings = {
				ASSETCATALOG_COMPILER_APPICON_NAME = AppIcon;
				FRAMEWORK_SEARCH_PATHS = (
					"$(inherited)",
					"$(PROJECT_DIR)/Carthage/Build/iOS",
				);
				INFOPLIST_FILE = PactSwiftExample/Info.plist;
				LD_RUNPATH_SEARCH_PATHS = "$(inherited) @executable_path/Frameworks";
				PRODUCT_NAME = "$(TARGET_NAME)";
			};
			name = Release;
		};
		A150D8BA1A830E41006E7C2F /* Debug */ = {
			isa = XCBuildConfiguration;
			baseConfigurationReference = 8B88E77085A23A9114FB5263 /* Pods-PactSwiftExampleTests.debug.xcconfig */;
			buildSettings = {
				BUNDLE_LOADER = "$(TEST_HOST)";
				FRAMEWORK_SEARCH_PATHS = (
					"$(SDKROOT)/Developer/Library/Frameworks",
					"$(inherited)",
					"$(PROJECT_DIR)/Carthage/Build/iOS",
				);
				GCC_PREPROCESSOR_DEFINITIONS = (
					"DEBUG=1",
					"$(inherited)",
				);
				INFOPLIST_FILE = PactSwiftExampleTests/Info.plist;
				LD_RUNPATH_SEARCH_PATHS = "$(inherited) @executable_path/Frameworks @loader_path/Frameworks";
				PRODUCT_NAME = "$(TARGET_NAME)";
				TEST_HOST = "$(BUILT_PRODUCTS_DIR)/PactSwiftExample.app/PactSwiftExample";
			};
			name = Debug;
		};
		A150D8BB1A830E41006E7C2F /* Release */ = {
			isa = XCBuildConfiguration;
			baseConfigurationReference = 6A1ED70F94FC1076BF90DE9A /* Pods-PactSwiftExampleTests.release.xcconfig */;
			buildSettings = {
				BUNDLE_LOADER = "$(TEST_HOST)";
				FRAMEWORK_SEARCH_PATHS = (
					"$(SDKROOT)/Developer/Library/Frameworks",
					"$(inherited)",
					"$(PROJECT_DIR)/Carthage/Build/iOS",
				);
				INFOPLIST_FILE = PactSwiftExampleTests/Info.plist;
				LD_RUNPATH_SEARCH_PATHS = "$(inherited) @executable_path/Frameworks @loader_path/Frameworks";
				PRODUCT_NAME = "$(TARGET_NAME)";
				TEST_HOST = "$(BUILT_PRODUCTS_DIR)/PactSwiftExample.app/PactSwiftExample";
			};
			name = Release;
		};
/* End XCBuildConfiguration section */

/* Begin XCConfigurationList section */
		A150D8921A830E41006E7C2F /* Build configuration list for PBXProject "PactSwiftExample" */ = {
			isa = XCConfigurationList;
			buildConfigurations = (
				A150D8B41A830E41006E7C2F /* Debug */,
				A150D8B51A830E41006E7C2F /* Release */,
			);
			defaultConfigurationIsVisible = 0;
			defaultConfigurationName = Release;
		};
		A150D8B61A830E41006E7C2F /* Build configuration list for PBXNativeTarget "PactSwiftExample" */ = {
			isa = XCConfigurationList;
			buildConfigurations = (
				A150D8B71A830E41006E7C2F /* Debug */,
				A150D8B81A830E41006E7C2F /* Release */,
			);
			defaultConfigurationIsVisible = 0;
			defaultConfigurationName = Release;
		};
		A150D8B91A830E41006E7C2F /* Build configuration list for PBXNativeTarget "PactSwiftExampleTests" */ = {
			isa = XCConfigurationList;
			buildConfigurations = (
				A150D8BA1A830E41006E7C2F /* Debug */,
				A150D8BB1A830E41006E7C2F /* Release */,
			);
			defaultConfigurationIsVisible = 0;
			defaultConfigurationName = Release;
		};
/* End XCConfigurationList section */
	};
	rootObject = A150D88F1A830E41006E7C2F /* Project object */;
}
